
Microsoft Visual Studio Solution File, Format Version 12.00
# Visual Studio Version 17
VisualStudioVersion = 17.5.33424.131
MinimumVisualStudioVersion = 10.0.40219.1
Project("{FAE04EC0-301F-11D3-BF4B-00C04F79EFBC}") = "ProductMicroService", "ProductMicroService.csproj", "{60CB09A9-B6B4-4CB0-998D-7B9209E8A5C7}"
EndProject
Global
	GlobalSection(SolutionConfigurationPlatforms) = preSolution
		Debug|Any CPU = Debug|Any CPU
		Release|Any CPU = Release|Any CPU
	EndGlobalSection
	GlobalSection(ProjectConfigurationPlatforms) = postSolution
		{60CB09A9-B6B4-4CB0-998D-7B9209E8A5C7}.Debug|Any CPU.ActiveCfg = Debug|Any CPU
		{60CB09A9-B6B4-4CB0-998D-7B9209E8A5C7}.Debug|Any CPU.Build.0 = Debug|Any CPU
		{60CB09A9-B6B4-4CB0-998D-7B9209E8A5C7}.Release|Any CPU.ActiveCfg = Release|Any CPU
		{60CB09A9-B6B4-4CB0-998D-7B9209E8A5C7}.Release|Any CPU.Build.0 = Release|Any CPU
	EndGlobalSection
	GlobalSection(SolutionProperties) = preSolution
		HideSolutionNode = FALSE
	EndGlobalSection
	GlobalSection(ExtensibilityGlobals) = postSolution
		SolutionGuid = {B5FD9824-C187-46C2-8959-F0932977C085}
	EndGlobalSection
EndGlobal
